{
  "name": "lerna-workspaces",
  "version": "1.0.0",
  "lockfileVersion": 3,
  "requires": true,
  "packages": {
    "": {
      "name": "lerna-workspaces",
      "version": "1.0.0",
      "license": "ISC",
      "workspaces": [
        "a",
        "b",
        "cli"
      ]
    },
    "a": {
      "name": "@ld_xu/test-a",
      "version": "1.0.0",
      "license": "ISC",
      "dependencies": {
        "chalk": "^5.2.0"
      }
    },
    "b": {
      "name": "@ld_xu/test-b",
      "version": "1.0.0",
      "license": "ISC"
    },
    "cli": {
      "name": "@ld_xu/test-cli",
      "version": "1.0.0",
      "license": "ISC",
      "dependencies": {
        "@ld_xu/test-a": "^1.0.0",
        "@ld_xu/test-b": "^1.0.0"
      },
      "bin": {
        "ld-xu-cli": "bin/index.mjs"
      }
    },
    "node_modules/@ld_xu/test-a": {
      "resolved": "a",
      "link": true
    },
    "node_modules/@ld_xu/test-b": {
      "resolved": "b",
      "link": true
    },
    "node_modules/@ld_xu/test-cli": {
      "resolved": "cli",
      "link": true
    },
    "node_modules/chalk": {
      "version": "5.2.0",
      "resolved": "https://registry.npmjs.org/chalk/-/chalk-5.2.0.tgz",
      "integrity": "sha512-ree3Gqw/nazQAPuJJEy+avdl7QfZMcUvmHIKgEZkGL+xOBzRvup5Hxo6LHuMceSxOabuJLJm5Yp/92R9eMmMvA==",
      "engines": {
        "node": "^12.17.0 || ^14.13 || >=16.0.0"
      },
      "funding": {
        "url": "https://github.com/chalk/chalk?sponsor=1"
      }
    }
  }
}
